// !$*UTF8*$!
{
	archiveVersion = 1;
	classes = {
	};
	objectVersion = 77;
	objects = {

/* Begin PBXBuildFile section */
		4938205F2EEA123E00BC0233 /* FSCalendar in Frameworks */ = {isa = PBXBuildFile; productRef = 4938205E2EEA123E00BC0233 /* FSCalendar */; };
/* End PBXBuildFile section */

/* Begin PBXContainerItemProxy section */
		49B0E0FA2EE8AD830080AE76 /* PBXContainerItemProxy */ = {
			isa = PBXContainerItemProxy;
			containerPortal = 49B0E0DB2EE8AD820080AE76 /* Project object */;
			proxyType = 1;
			remoteGlobalIDString = 49B0E0E22EE8AD820080AE76;
			remoteInfo = Vaccination;
		};
		49B0E1042EE8AD830080AE76 /* PBXContainerItemProxy */ = {
			isa = PBXContainerItemProxy;
			containerPortal = 49B0E0DB2EE8AD820080AE76 /* Project object */;
			proxyType = 1;
			remoteGlobalIDString = 49B0E0E22EE8AD820080AE76;
			remoteInfo = Vaccination;
		};
/* End PBXContainerItemProxy section */

/* Begin PBXFileReference section */
		49B0E0E32EE8AD820080AE76 /* Vaccination.app */ = {isa = PBXFileReference; explicitFileType = wrapper.application; includeInIndex = 0; path = Vaccination.app; sourceTree = BUILT_PRODUCTS_DIR; };
		49B0E0F92EE8AD830080AE76 /* VaccinationTests.xctest */ = {isa = PBXFileReference; explicitFileType = wrapper.cfbundle; includeInIndex = 0; path = VaccinationTests.xctest; sourceTree = BUILT_PRODUCTS_DIR; };
		49B0E1032EE8AD830080AE76 /* VaccinationUITests.xctest */ = {isa = PBXFileReference; explicitFileType = wrapper.cfbundle; includeInIndex = 0; path = VaccinationUITests.xctest; sourceTree = BUILT_PRODUCTS_DIR; };
/* End PBXFileReference section */

/* Begin PBXFileSystemSynchronizedBuildFileExceptionSet section */
		49B0E10B2EE8AD830080AE76 /* Exceptions for "Vaccination" folder in "Vaccination" target */ = {
			isa = PBXFileSystemSynchronizedBuildFileExceptionSet;
			membershipExceptions = (
				Info.plist,
			);
			target = 49B0E0E22EE8AD820080AE76 /* Vaccination */;
		};
/* End PBXFileSystemSynchronizedBuildFileExceptionSet section */

/* Begin PBXFileSystemSynchronizedRootGroup section */
		49B0E0E52EE8AD820080AE76 /* Vaccination */ = {
			isa = PBXFileSystemSynchronizedRootGroup;
			exceptions = (
				49B0E10B2EE8AD830080AE76 /* Exceptions for "Vaccination" folder in "Vaccination" target */,
			);
			path = Vaccination;
			sourceTree = "<group>";
		};
		49B0E0FC2EE8AD830080AE76 /* VaccinationTests */ = {
			isa = PBXFileSystemSynchronizedRootGroup;
			path = VaccinationTests;
			sourceTree = "<group>";
		};
		49B0E1062EE8AD830080AE76 /* VaccinationUITests */ = {
			isa = PBXFileSystemSynchronizedRootGroup;
			path = VaccinationUITests;
			sourceTree = "<group>";
		};
/* End PBXFileSystemSynchronizedRootGroup section */

/* Begin PBXFrameworksBuildPhase section */
		49B0E0E02EE8AD820080AE76 /* Frameworks */ = {
			isa = PBXFrameworksBuildPhase;
			buildActionMask = 2147483647;
			files = (
				4938205F2EEA123E00BC0233 /* FSCalendar in Frameworks */,
			);
			runOnlyForDeploymentPostprocessing = 0;
		};
		49B0E0F62EE8AD830080AE76 /* Frameworks */ = {
			isa = PBXFrameworksBuildPhase;
			buildActionMask = 2147483647;
			files = (
			);
			runOnlyForDeploymentPostprocessing = 0;
		};
		49B0E1002EE8AD830080AE76 /* Frameworks */ = {
			isa = PBXFrameworksBuildPhase;
			buildActionMask = 2147483647;
			files = (
			);
			runOnlyForDeploymentPostprocessing = 0;
		};
/* End PBXFrameworksBuildPhase section */

/* Begin PBXGroup section */
		49B0E0DA2EE8AD820080AE76 = {
			isa = PBXGroup;
			children = (
				49B0E0E52EE8AD820080AE76 /* Vaccination */,
				49B0E0FC2EE8AD830080AE76 /* VaccinationTests */,
				49B0E1062EE8AD830080AE76 /* VaccinationUITests */,
				49B0E0E42EE8AD820080AE76 /* Products */,
			);
			sourceTree = "<group>";
		};
		49B0E0E42EE8AD820080AE76 /* Products */ = {
			isa = PBXGroup;
			children = (
				49B0E0E32EE8AD820080AE76 /* Vaccination.app */,
				49B0E0F92EE8AD830080AE76 /* VaccinationTests.xctest */,
				49B0E1032EE8AD830080AE76 /* VaccinationUITests.xctest */,
			);
			name = Products;
			sourceTree = "<group>";
		};
/* End PBXGroup section */

/* Begin PBXNativeTarget section */
		49B0E0E22EE8AD820080AE76 /* Vaccination */ = {
			isa = PBXNativeTarget;
			buildConfigurationList = 49B0E10C2EE8AD830080AE76 /* Build configuration list for PBXNativeTarget "Vaccination" */;
			buildPhases = (
				49B0E0DF2EE8AD820080AE76 /* Sources */,
				49B0E0E02EE8AD820080AE76 /* Frameworks */,
				49B0E0E12EE8AD820080AE76 /* Resources */,
			);
			buildRules = (
			);
			dependencies = (
			);
			fileSystemSynchronizedGroups = (
				49B0E0E52EE8AD820080AE76 /* Vaccination */,
			);
			name = Vaccination;
			packageProductDependencies = (
				4938205E2EEA123E00BC0233 /* FSCalendar */,
			);
			productName = Vaccination;
			productReference = 49B0E0E32EE8AD820080AE76 /* Vaccination.app */;
			productType = "com.apple.product-type.application";
		};
		49B0E0F82EE8AD830080AE76 /* VaccinationTests */ = {
			isa = PBXNativeTarget;
			buildConfigurationList = 49B0E1112EE8AD830080AE76 /* Build configuration list for PBXNativeTarget "VaccinationTests" */;
			buildPhases = (
				49B0E0F52EE8AD830080AE76 /* Sources */,
				49B0E0F62EE8AD830080AE76 /* Frameworks */,
				49B0E0F72EE8AD830080AE76 /* Resources */,
			);
			buildRules = (
			);
			dependencies = (
				49B0E0FB2EE8AD830080AE76 /* PBXTargetDependency */,
			);
			fileSystemSynchronizedGroups = (
				49B0E0FC2EE8AD830080AE76 /* VaccinationTests */,
			);
			name = VaccinationTests;
			packageProductDependencies = (
			);
			productName = VaccinationTests;
			productReference = 49B0E0F92EE8AD830080AE76 /* VaccinationTests.xctest */;
			productType = "com.apple.product-type.bundle.unit-test";
		};
		49B0E1022EE8AD830080AE76 /* VaccinationUITests */ = {
			isa = PBXNativeTarget;
			buildConfigurationList = 49B0E1142EE8AD830080AE76 /* Build configuration list for PBXNativeTarget "VaccinationUITests" */;
			buildPhases = (
				49B0E0FF2EE8AD830080AE76 /* Sources */,
				49B0E1002EE8AD830080AE76 /* Frameworks */,
				49B0E1012EE8AD830080AE76 /* Resources */,
			);
			buildRules = (
			);
			dependencies = (
				49B0E1052EE8AD830080AE76 /* PBXTargetDependency */,
			);
			fileSystemSynchronizedGroups = (
				49B0E1062EE8AD830080AE76 /* VaccinationUITests */,
			);
			name = VaccinationUITests;
			packageProductDependencies = (
			);
			productName = VaccinationUITests;
			productReference = 49B0E1032EE8AD830080AE76 /* VaccinationUITests.xctest */;
			productType = "com.apple.product-type.bundle.ui-testing";
		};
/* End PBXNativeTarget section */

/* Begin PBXProject section */
		49B0E0DB2EE8AD820080AE76 /* Project object */ = {
			isa = PBXProject;
			attributes = {
				BuildIndependentTargetsInParallel = 1;
				LastSwiftUpdateCheck = 2610;
				LastUpgradeCheck = 2610;
				TargetAttributes = {
					49B0E0E22EE8AD820080AE76 = {
						CreatedOnToolsVersion = 26.1.1;
					};
					49B0E0F82EE8AD830080AE76 = {
						CreatedOnToolsVersion = 26.1.1;
						TestTargetID = 49B0E0E22EE8AD820080AE76;
					};
					49B0E1022EE8AD830080AE76 = {
						CreatedOnToolsVersion = 26.1.1;
						TestTargetID = 49B0E0E22EE8AD820080AE76;
					};
				};
			};
			buildConfigurationList = 49B0E0DE2EE8AD820080AE76 /* Build configuration list for PBXProject "Vaccination" */;
			developmentRegion = en;
			hasScannedForEncodings = 0;
			knownRegions = (
				en,
				Base,
			);
			mainGroup = 49B0E0DA2EE8AD820080AE76;
			minimizedProjectReferenceProxies = 1;
			packageReferences = (
				4938205D2EEA123E00BC0233 /* XCRemoteSwiftPackageReference "FSCalendar" */,
			);
			preferredProjectObjectVersion = 77;
			productRefGroup = 49B0E0E42EE8AD820080AE76 /* Products */;
			projectDirPath = "";
			projectRoot = "";
			targets = (
				49B0E0E22EE8AD820080AE76 /* Vaccination */,
				49B0E0F82EE8AD830080AE76 /* VaccinationTests */,
				49B0E1022EE8AD830080AE76 /* VaccinationUITests */,
			);
		};
/* End PBXProject section */

/* Begin PBXResourcesBuildPhase section */
		49B0E0E12EE8AD820080AE76 /* Resources */ = {
			isa = PBXResourcesBuildPhase;
			buildActionMask = 2147483647;
			files = (
			);
			runOnlyForDeploymentPostprocessing = 0;
		};
		49B0E0F72EE8AD830080AE76 /* Resources */ = {
			isa = PBXResourcesBuildPhase;
			buildActionMask = 2147483647;
			files = (
			);
			runOnlyForDeploymentPostprocessing = 0;
		};
		49B0E1012EE8AD830080AE76 /* Resources */ = {
			isa = PBXResourcesBuildPhase;
			buildActionMask = 2147483647;
			files = (
			);
			runOnlyForDeploymentPostprocessing = 0;
		};
/* End PBXResourcesBuildPhase section */

/* Begin PBXSourcesBuildPhase section */
		49B0E0DF2EE8AD820080AE76 /* Sources */ = {
			isa = PBXSourcesBuildPhase;
			buildActionMask = 2147483647;
			files = (
			);
			runOnlyForDeploymentPostprocessing = 0;
		};
		49B0E0F52EE8AD830080AE76 /* Sources */ = {
			isa = PBXSourcesBuildPhase;
			buildActionMask = 2147483647;
			files = (
			);
			runOnlyForDeploymentPostprocessing = 0;
		};
		49B0E0FF2EE8AD830080AE76 /* Sources */ = {
			isa = PBXSourcesBuildPhase;
			buildActionMask = 2147483647;
			files = (
			);
			runOnlyForDeploymentPostprocessing = 0;
		};
/* End PBXSourcesBuildPhase section */

/* Begin PBXTargetDependency section */
		49B0E0FB2EE8AD830080AE76 /* PBXTargetDependency */ = {
			isa = PBXTargetDependency;
			target = 49B0E0E22EE8AD820080AE76 /* Vaccination */;
			targetProxy = 49B0E0FA2EE8AD830080AE76 /* PBXContainerItemProxy */;
		};
		49B0E1052EE8AD830080AE76 /* PBXTargetDependency */ = {
			isa = PBXTargetDependency;
			target = 49B0E0E22EE8AD820080AE76 /* Vaccination */;
			targetProxy = 49B0E1042EE8AD830080AE76 /* PBXContainerItemProxy */;
		};
/* End PBXTargetDependency section */

/* Begin XCBuildConfiguration section */
		49B0E10D2EE8AD830080AE76 /* Debug */ = {
			isa = XCBuildConfiguration;
			buildSettings = {
				ASSETCATALOG_COMPILER_APPICON_NAME = AppIcon;
				ASSETCATALOG_COMPILER_GLOBAL_ACCENT_COLOR_NAME = AccentColor;
				CODE_SIGN_STYLE = Automatic;
				CURRENT_PROJECT_VERSION = 1;
				GENERATE_INFOPLIST_FILE = YES;
				INFOPLIST_FILE = Vaccination/Info.plist;
				INFOPLIST_KEY_UIApplicationSupportsIndirectInputEvents = YES;
				INFOPLIST_KEY_UILaunchStoryboardName = LaunchScreen;
				INFOPLIST_KEY_UIMainStoryboardFile = Main;
				INFOPLIST_KEY_UISupportedInterfaceOrientations_iPad = "UIInterfaceOrientationPortrait UIInterfaceOrientationPortraitUpsideDown UIInterfaceOrientationLandscapeLeft UIInterfaceOrientationLandscapeRight";
				INFOPLIST_KEY_UISupportedInterfaceOrientations_iPhone = "UIInterfaceOrientationPortrait UIInterfaceOrientationLandscapeLeft UIInterfaceOrientationLandscapeRight";
				LD_RUNPATH_SEARCH_PATHS = (
					"$(inherited)",
					"@executable_path/Frameworks",
				);
				MARKETING_VERSION = 1.0;
				PRODUCT_BUNDLE_IDENTIFIER = com.sample.Vaccination;
				PRODUCT_NAME = "$(TARGET_NAME)";
				STRING_CATALOG_GENERATE_SYMBOLS = YES;
				SWIFT_APPROACHABLE_CONCURRENCY = YES;
				SWIFT_DEFAULT_ACTOR_ISOLATION = MainActor;
				SWIFT_EMIT_LOC_STRINGS = YES;
				SWIFT_UPCOMING_FEATURE_MEMBER_IMPORT_VISIBILITY = YES;
				SWIFT_VERSION = 5.0;
				TARGETED_DEVICE_FAMILY = "1,2";
			};
			name = Debug;
		};
		49B0E10E2EE8AD830080AE76 /* Release */ = {
			isa = XCBuildConfiguration;
			buildSettings = {
				ASSETCATALOG_COMPILER_APPICON_NAME = AppIcon;
				ASSETCATALOG_COMPILER_GLOBAL_ACCENT_COLOR_NAME = AccentColor;
				CODE_SIGN_STYLE = Automatic;
				CURRENT_PROJECT_VERSION = 1;
				GENERATE_INFOPLIST_FILE = YES;
				INFOPLIST_FILE = Vaccination/Info.plist;
				INFOPLIST_KEY_UIApplicationSupportsIndirectInputEvents = YES;
				INFOPLIST_KEY_UILaunchStoryboardName = LaunchScreen;
				INFOPLIST_KEY_UIMainStoryboardFile = Main;
				INFOPLIST_KEY_UISupportedInterfaceOrientations_iPad = "UIInterfaceOrientationPortrait UIInterfaceOrientationPortraitUpsideDown UIInterfaceOrientationLandscapeLeft UIInterfaceOrientationLandscapeRight";
				INFOPLIST_KEY_UISupportedInterfaceOrientations_iPhone = "UIInterfaceOrientationPortrait UIInterfaceOrientationLandscapeLeft UIInterfaceOrientationLandscapeRight";
				LD_RUNPATH_SEARCH_PATHS = (
					"$(inherited)",
					"@executable_path/Frameworks",
				);
				MARKETING_VERSION = 1.0;
				PRODUCT_BUNDLE_IDENTIFIER = com.sample.Vaccination;
				PRODUCT_NAME = "$(TARGET_NAME)";
				STRING_CATALOG_GENERATE_SYMBOLS = YES;
				SWIFT_APPROACHABLE_CONCURRENCY = YES;
				SWIFT_DEFAULT_ACTOR_ISOLATION = MainActor;
				SWIFT_EMIT_LOC_STRINGS = YES;
				SWIFT_UPCOMING_FEATURE_MEMBER_IMPORT_VISIBILITY = YES;
				SWIFT_VERSION = 5.0;
				TARGETED_DEVICE_FAMILY = "1,2";
			};
			name = Release;
		};
		49B0E10F2EE8AD830080AE76 /* Debug */ = {
			isa = XCBuildConfiguration;
			buildSettings = {
				ALWAYS_SEARCH_USER_PATHS = NO;
				ASSETCATALOG_COMPILER_GENERATE_SWIFT_ASSET_SYMBOL_EXTENSIONS = YES;
				CLANG_ANALYZER_NONNULL = YES;
				CLANG_ANALYZER_NUMBER_OBJECT_CONVERSION = YES_AGGRESSIVE;
				CLANG_CXX_LANGUAGE_STANDARD = "gnu++20";
				CLANG_ENABLE_MODULES = YES;
				CLANG_ENABLE_OBJC_ARC = YES;
				CLANG_ENABLE_OBJC_WEAK = YES;
				CLANG_WARN_BLOCK_CAPTURE_AUTORELEASING = YES;
				CLANG_WARN_BOOL_CONVERSION = YES;
				CLANG_WARN_COMMA = YES;
				CLANG_WARN_CONSTANT_CONVERSION = YES;
				CLANG_WARN_DEPRECATED_OBJC_IMPLEMENTATIONS = YES;
				CLANG_WARN_DIRECT_OBJC_ISA_USAGE = YES_ERROR;
				CLANG_WARN_DOCUMENTATION_COMMENTS = YES;
				CLANG_WARN_EMPTY_BODY = YES;
				CLANG_WARN_ENUM_CONVERSION = YES;
				CLANG_WARN_INFINITE_RECURSION = YES;
				CLANG_WARN_INT_CONVERSION = YES;
				CLANG_WARN_NON_LITERAL_NULL_CONVERSION = YES;
				CLANG_WARN_OBJC_IMPLICIT_RETAIN_SELF = YES;
				CLANG_WARN_OBJC_LITERAL_CONVERSION = YES;
				CLANG_WARN_OBJC_ROOT_CLASS = YES_ERROR;
				CLANG_WARN_QUOTED_INCLUDE_IN_FRAMEWORK_HEADER = YES;
				CLANG_WARN_RANGE_LOOP_ANALYSIS = YES;
				CLANG_WARN_STRICT_PROTOTYPES = YES;
				CLANG_WARN_SUSPICIOUS_MOVE = YES;
				CLANG_WARN_UNGUARDED_AVAILABILITY = YES_AGGRESSIVE;
				CLANG_WARN_UNREACHABLE_CODE = YES;
				CLANG_WARN__DUPLICATE_METHOD_MATCH = YES;
				COPY_PHASE_STRIP = NO;
				DEBUG_INFORMATION_FORMAT = dwarf;
				ENABLE_STRICT_OBJC_MSGSEND = YES;
				ENABLE_TESTABILITY = YES;
				ENABLE_USER_SCRIPT_SANDBOXING = YES;
				GCC_C_LANGUAGE_STANDARD = gnu17;
				GCC_DYNAMIC_NO_PIC = NO;
				GCC_NO_COMMON_BLOCKS = YES;
				GCC_OPTIMIZATION_LEVEL = 0;
				GCC_PREPROCESSOR_DEFINITIONS = (
					"DEBUG=1",
					"$(inherited)",
				);
				GCC_WARN_64_TO_32_BIT_CONVERSION = YES;
				GCC_WARN_ABOUT_RETURN_TYPE = YES_ERROR;
				GCC_WARN_UNDECLARED_SELECTOR = YES;
				GCC_WARN_UNINITIALIZED_AUTOS = YES_AGGRESSIVE;
				GCC_WARN_UNUSED_FUNCTION = YES;
				GCC_WARN_UNUSED_VARIABLE = YES;
				IPHONEOS_DEPLOYMENT_TARGET = 26.1;
				LOCALIZATION_PREFERS_STRING_CATALOGS = YES;
				MTL_ENABLE_DEBUG_INFO = INCLUDE_SOURCE;
				MTL_FAST_MATH = YES;
				ONLY_ACTIVE_ARCH = YES;
				SDKROOT = iphoneos;
				SWIFT_ACTIVE_COMPILATION_CONDITIONS = "DEBUG $(inherited)";
				SWIFT_OPTIMIZATION_LEVEL = "-Onone";
			};
			name = Debug;
		};
		49B0E1102EE8AD830080AE76 /* Release */ = {
			isa = XCBuildConfiguration;
			buildSettings = {
				ALWAYS_SEARCH_USER_PATHS = NO;
				ASSETCATALOG_COMPILER_GENERATE_SWIFT_ASSET_SYMBOL_EXTENSIONS = YES;
				CLANG_ANALYZER_NONNULL = YES;
				CLANG_ANALYZER_NUMBER_OBJECT_CONVERSION = YES_AGGRESSIVE;
				CLANG_CXX_LANGUAGE_STANDARD = "gnu++20";
				CLANG_ENABLE_MODULES = YES;
				CLANG_ENABLE_OBJC_ARC = YES;
				CLANG_ENABLE_OBJC_WEAK = YES;
				CLANG_WARN_BLOCK_CAPTURE_AUTORELEASING = YES;
				CLANG_WARN_BOOL_CONVERSION = YES;
				CLANG_WARN_COMMA = YES;
				CLANG_WARN_CONSTANT_CONVERSION = YES;
				CLANG_WARN_DEPRECATED_OBJC_IMPLEMENTATIONS = YES;
				CLANG_WARN_DIRECT_OBJC_ISA_USAGE = YES_ERROR;
				CLANG_WARN_DOCUMENTATION_COMMENTS = YES;
				CLANG_WARN_EMPTY_BODY = YES;
				CLANG_WARN_ENUM_CONVERSION = YES;
				CLANG_WARN_INFINITE_RECURSION = YES;
				CLANG_WARN_INT_CONVERSION = YES;
				CLANG_WARN_NON_LITERAL_NULL_CONVERSION = YES;
				CLANG_WARN_OBJC_IMPLICIT_RETAIN_SELF = YES;
				CLANG_WARN_OBJC_LITERAL_CONVERSION = YES;
				CLANG_WARN_OBJC_ROOT_CLASS = YES_ERROR;
				CLANG_WARN_QUOTED_INCLUDE_IN_FRAMEWORK_HEADER = YES;
				CLANG_WARN_RANGE_LOOP_ANALYSIS = YES;
				CLANG_WARN_STRICT_PROTOTYPES = YES;
				CLANG_WARN_SUSPICIOUS_MOVE = YES;
				CLANG_WARN_UNGUARDED_AVAILABILITY = YES_AGGRESSIVE;
				CLANG_WARN_UNREACHABLE_CODE = YES;
				CLANG_WARN__DUPLICATE_METHOD_MATCH = YES;
				COPY_PHASE_STRIP = NO;
				DEBUG_INFORMATION_FORMAT = "dwarf-with-dsym";
				ENABLE_NS_ASSERTIONS = NO;
				ENABLE_STRICT_OBJC_MSGSEND = YES;
				ENABLE_USER_SCRIPT_SANDBOXING = YES;
				GCC_C_LANGUAGE_STANDARD = gnu17;
				GCC_NO_COMMON_BLOCKS = YES;
				GCC_WARN_64_TO_32_BIT_CONVERSION = YES;
				GCC_WARN_ABOUT_RETURN_TYPE = YES_ERROR;
				GCC_WARN_UNDECLARED_SELECTOR = YES;
				GCC_WARN_UNINITIALIZED_AUTOS = YES_AGGRESSIVE;
				GCC_WARN_UNUSED_FUNCTION = YES;
				GCC_WARN_UNUSED_VARIABLE = YES;
				IPHONEOS_DEPLOYMENT_TARGET = 26.1;
				LOCALIZATION_PREFERS_STRING_CATALOGS = YES;
				MTL_ENABLE_DEBUG_INFO = NO;
				MTL_FAST_MATH = YES;
				SDKROOT = iphoneos;
				SWIFT_COMPILATION_MODE = wholemodule;
				VALIDATE_PRODUCT = YES;
			};
			name = Release;
		};
		49B0E1122EE8AD830080AE76 /* Debug */ = {
			isa = XCBuildConfiguration;
			buildSettings = {
				BUNDLE_LOADER = "$(TEST_HOST)";
				CODE_SIGN_STYLE = Automatic;
				CURRENT_PROJECT_VERSION = 1;
				GENERATE_INFOPLIST_FILE = YES;
				IPHONEOS_DEPLOYMENT_TARGET = 26.1;
				MARKETING_VERSION = 1.0;
				PRODUCT_BUNDLE_IDENTIFIER = com.sample.VaccinationTests;
				PRODUCT_NAME = "$(TARGET_NAME)";
				STRING_CATALOG_GENERATE_SYMBOLS = NO;
				SWIFT_APPROACHABLE_CONCURRENCY = YES;
				SWIFT_EMIT_LOC_STRINGS = NO;
				SWIFT_UPCOMING_FEATURE_MEMBER_IMPORT_VISIBILITY = YES;
				SWIFT_VERSION = 5.0;
				TARGETED_DEVICE_FAMILY = "1,2";
				TEST_HOST = "$(BUILT_PRODUCTS_DIR)/Vaccination.app/$(BUNDLE_EXECUTABLE_FOLDER_PATH)/Vaccination";
			};
			name = Debug;
		};
		49B0E1132EE8AD830080AE76 /* Release */ = {
			isa = XCBuildConfiguration;
			buildSettings = {
				BUNDLE_LOADER = "$(TEST_HOST)";
				CODE_SIGN_STYLE = Automatic;
				CURRENT_PROJECT_VERSION = 1;
				GENERATE_INFOPLIST_FILE = YES;
				IPHONEOS_DEPLOYMENT_TARGET = 26.1;
				MARKETING_VERSION = 1.0;
				PRODUCT_BUNDLE_IDENTIFIER = com.sample.VaccinationTests;
				PRODUCT_NAME = "$(TARGET_NAME)";
				STRING_CATALOG_GENERATE_SYMBOLS = NO;
				SWIFT_APPROACHABLE_CONCURRENCY = YES;
				SWIFT_EMIT_LOC_STRINGS = NO;
				SWIFT_UPCOMING_FEATURE_MEMBER_IMPORT_VISIBILITY = YES;
				SWIFT_VERSION = 5.0;
				TARGETED_DEVICE_FAMILY = "1,2";
				TEST_HOST = "$(BUILT_PRODUCTS_DIR)/Vaccination.app/$(BUNDLE_EXECUTABLE_FOLDER_PATH)/Vaccination";
			};
			name = Release;
		};
		49B0E1152EE8AD830080AE76 /* Debug */ = {
			isa = XCBuildConfiguration;
			buildSettings = {
				CODE_SIGN_STYLE = Automatic;
				CURRENT_PROJECT_VERSION = 1;
				GENERATE_INFOPLIST_FILE = YES;
				MARKETING_VERSION = 1.0;
				PRODUCT_BUNDLE_IDENTIFIER = com.sample.VaccinationUITests;
				PRODUCT_NAME = "$(TARGET_NAME)";
				STRING_CATALOG_GENERATE_SYMBOLS = NO;
				SWIFT_APPROACHABLE_CONCURRENCY = YES;
				SWIFT_EMIT_LOC_STRINGS = NO;
				SWIFT_UPCOMING_FEATURE_MEMBER_IMPORT_VISIBILITY = YES;
				SWIFT_VERSION = 5.0;
				TARGETED_DEVICE_FAMILY = "1,2";
				TEST_TARGET_NAME = Vaccination;
			};
			name = Debug;
		};
		49B0E1162EE8AD830080AE76 /* Release */ = {
			isa = XCBuildConfiguration;
			buildSettings = {
				CODE_SIGN_STYLE = Automatic;
				CURRENT_PROJECT_VERSION = 1;
				GENERATE_INFOPLIST_FILE = YES;
				MARKETING_VERSION = 1.0;
				PRODUCT_BUNDLE_IDENTIFIER = com.sample.VaccinationUITests;
				PRODUCT_NAME = "$(TARGET_NAME)";
				STRING_CATALOG_GENERATE_SYMBOLS = NO;
				SWIFT_APPROACHABLE_CONCURRENCY = YES;
				SWIFT_EMIT_LOC_STRINGS = NO;
				SWIFT_UPCOMING_FEATURE_MEMBER_IMPORT_VISIBILITY = YES;
				SWIFT_VERSION = 5.0;
				TARGETED_DEVICE_FAMILY = "1,2";
				TEST_TARGET_NAME = Vaccination;
			};
			name = Release;
		};
/* End XCBuildConfiguration section */

/* Begin XCConfigurationList section */
		49B0E0DE2EE8AD820080AE76 /* Build configuration list for PBXProject "Vaccination" */ = {
			isa = XCConfigurationList;
			buildConfigurations = (
				49B0E10F2EE8AD830080AE76 /* Debug */,
				49B0E1102EE8AD830080AE76 /* Release */,
			);
			defaultConfigurationIsVisible = 0;
			defaultConfigurationName = Release;
		};
		49B0E10C2EE8AD830080AE76 /* Build configuration list for PBXNativeTarget "Vaccination" */ = {
			isa = XCConfigurationList;
			buildConfigurations = (
				49B0E10D2EE8AD830080AE76 /* Debug */,
				49B0E10E2EE8AD830080AE76 /* Release */,
			);
			defaultConfigurationIsVisible = 0;
			defaultConfigurationName = Release;
		};
		49B0E1112EE8AD830080AE76 /* Build configuration list for PBXNativeTarget "VaccinationTests" */ = {
			isa = XCConfigurationList;
			buildConfigurations = (
				49B0E1122EE8AD830080AE76 /* Debug */,
				49B0E1132EE8AD830080AE76 /* Release */,
			);
			defaultConfigurationIsVisible = 0;
			defaultConfigurationName = Release;
		};
		49B0E1142EE8AD830080AE76 /* Build configuration list for PBXNativeTarget "VaccinationUITests" */ = {
			isa = XCConfigurationList;
			buildConfigurations = (
				49B0E1152EE8AD830080AE76 /* Debug */,
				49B0E1162EE8AD830080AE76 /* Release */,
			);
			defaultConfigurationIsVisible = 0;
			defaultConfigurationName = Release;
		};
/* End XCConfigurationList section */

/* Begin XCRemoteSwiftPackageReference section */
		4938205D2EEA123E00BC0233 /* XCRemoteSwiftPackageReference "FSCalendar" */ = {
			isa = XCRemoteSwiftPackageReference;
			repositoryURL = "https://github.com/WenchaoD/FSCalendar";
			requirement = {
				kind = upToNextMajorVersion;
				minimumVersion = 2.8.4;
			};
		};
/* End XCRemoteSwiftPackageReference section */

/* Begin XCSwiftPackageProductDependency section */
		4938205E2EEA123E00BC0233 /* FSCalendar */ = {
			isa = XCSwiftPackageProductDependency;
			package = 4938205D2EEA123E00BC0233 /* XCRemoteSwiftPackageReference "FSCalendar" */;
			productName = FSCalendar;
		};
/* End XCSwiftPackageProductDependency section */
	};
	rootObject = 49B0E0DB2EE8AD820080AE76 /* Project object */;
}
